
Microsoft Visual Studio Solution File, Format Version 12.00
# Visual Studio Version 18
VisualStudioVersion = 18.3.11520.95 d18.3
MinimumVisualStudioVersion = 10.0.40219.1
Project("{FAE04EC0-301F-11D3-BF4B-00C04F79EFBC}") = "JwtBearer", "JwtBearer.csproj", "{F1952C3D-6800-9E2C-FEB4-DFD67E5D301E}"
EndProject
Global
	GlobalSection(SolutionConfigurationPlatforms) = preSolution
		Debug|Any CPU = Debug|Any CPU
		Release|Any CPU = Release|Any CPU
	EndGlobalSection
	GlobalSection(ProjectConfigurationPlatforms) = postSolution
		{F1952C3D-6800-9E2C-FEB4-DFD67E5D301E}.Debug|Any CPU.ActiveCfg = Debug|Any CPU
		{F1952C3D-6800-9E2C-FEB4-DFD67E5D301E}.Debug|Any CPU.Build.0 = Debug|Any CPU
		{F1952C3D-6800-9E2C-FEB4-DFD67E5D301E}.Release|Any CPU.ActiveCfg = Release|Any CPU
		{F1952C3D-6800-9E2C-FEB4-DFD67E5D301E}.Release|Any CPU.Build.0 = Release|Any CPU
	EndGlobalSection
	GlobalSection(SolutionProperties) = preSolution
		HideSolutionNode = FALSE
	EndGlobalSection
	GlobalSection(ExtensibilityGlobals) = postSolution
		SolutionGuid = {33C63DC6-780F-48E9-914D-A29667E525D1}
	EndGlobalSection
EndGlobal
